// !$*UTF8*$!
{
	archiveVersion = 1;
	classes = {
	};
	objectVersion = 50;
	objects = {

/* Begin PBXBuildFile section */
		DB78665C2202C9D000FBD312 /* RecordSoundsViewController.swift in Sources */ = {isa = PBXBuildFile; fileRef = DB78665B2202C9D000FBD312 /* RecordSoundsViewController.swift */; };
		DB78665E2202CFB500FBD312 /* PlaySoundsViewController.swift in Sources */ = {isa = PBXBuildFile; fileRef = DB78665D2202CFB500FBD312 /* PlaySoundsViewController.swift */; };
		DB8BDA172201ED2100CE2144 /* AppDelegate.swift in Sources */ = {isa = PBXBuildFile; fileRef = DB8BDA162201ED2100CE2144 /* AppDelegate.swift */; };
		DB8BDA1C2201ED2100CE2144 /* Main.storyboard in Resources */ = {isa = PBXBuildFile; fileRef = DB8BDA1A2201ED2100CE2144 /* Main.storyboard */; };
		DB8BDA1E2201ED2200CE2144 /* Assets.xcassets in Resources */ = {isa = PBXBuildFile; fileRef = DB8BDA1D2201ED2200CE2144 /* Assets.xcassets */; };
		DB8BDA212201ED2200CE2144 /* LaunchScreen.storyboard in Resources */ = {isa = PBXBuildFile; fileRef = DB8BDA1F2201ED2200CE2144 /* LaunchScreen.storyboard */; };
		DBABEF61220799C2002B7934 /* AVAudioSession+Swift.m in Sources */ = {isa = PBXBuildFile; fileRef = DBABEF60220799C2002B7934 /* AVAudioSession+Swift.m */; };
		DBABEF632207B061002B7934 /* Alerts.swift in Sources */ = {isa = PBXBuildFile; fileRef = DBABEF622207B061002B7934 /* Alerts.swift */; };
/* End PBXBuildFile section */

/* Begin PBXFileReference section */
		DB78665B2202C9D000FBD312 /* RecordSoundsViewController.swift */ = {isa = PBXFileReference; fileEncoding = 4; lastKnownFileType = sourcecode.swift; path = RecordSoundsViewController.swift; sourceTree = "<group>"; };
		DB78665D2202CFB500FBD312 /* PlaySoundsViewController.swift */ = {isa = PBXFileReference; lastKnownFileType = sourcecode.swift; path = PlaySoundsViewController.swift; sourceTree = "<group>"; };
		DB8BDA132201ED2100CE2144 /* MeyerPitchPerfect.app */ = {isa = PBXFileReference; explicitFileType = wrapper.application; includeInIndex = 0; path = MeyerPitchPerfect.app; sourceTree = BUILT_PRODUCTS_DIR; };
		DB8BDA162201ED2100CE2144 /* AppDelegate.swift */ = {isa = PBXFileReference; lastKnownFileType = sourcecode.swift; path = AppDelegate.swift; sourceTree = "<group>"; };
		DB8BDA1B2201ED2100CE2144 /* Base */ = {isa = PBXFileReference; lastKnownFileType = file.storyboard; name = Base; path = Base.lproj/Main.storyboard; sourceTree = "<group>"; };
		DB8BDA1D2201ED2200CE2144 /* Assets.xcassets */ = {isa = PBXFileReference; lastKnownFileType = folder.assetcatalog; path = Assets.xcassets; sourceTree = "<group>"; };
		DB8BDA202201ED2200CE2144 /* Base */ = {isa = PBXFileReference; lastKnownFileType = file.storyboard; name = Base; path = Base.lproj/LaunchScreen.storyboard; sourceTree = "<group>"; };
		DB8BDA222201ED2200CE2144 /* Info.plist */ = {isa = PBXFileReference; lastKnownFileType = text.plist.xml; path = Info.plist; sourceTree = "<group>"; };
		DBABEF5E220799C2002B7934 /* MeyerPitchPerfect-Bridging-Header.h */ = {isa = PBXFileReference; lastKnownFileType = sourcecode.c.h; path = "MeyerPitchPerfect-Bridging-Header.h"; sourceTree = "<group>"; };
		DBABEF5F220799C2002B7934 /* AVAudioSession+Swift.h */ = {isa = PBXFileReference; lastKnownFileType = sourcecode.c.h; path = "AVAudioSession+Swift.h"; sourceTree = "<group>"; };
		DBABEF60220799C2002B7934 /* AVAudioSession+Swift.m */ = {isa = PBXFileReference; lastKnownFileType = sourcecode.c.objc; path = "AVAudioSession+Swift.m"; sourceTree = "<group>"; };
		DBABEF622207B061002B7934 /* Alerts.swift */ = {isa = PBXFileReference; lastKnownFileType = sourcecode.swift; path = Alerts.swift; sourceTree = "<group>"; };
/* End PBXFileReference section */

/* Begin PBXFrameworksBuildPhase section */
		DB8BDA102201ED2100CE2144 /* Frameworks */ = {
			isa = PBXFrameworksBuildPhase;
			buildActionMask = 2147483647;
			files = (
			);
			runOnlyForDeploymentPostprocessing = 0;
		};
/* End PBXFrameworksBuildPhase section */

/* Begin PBXGroup section */
		DB8BDA0A2201ED2100CE2144 = {
			isa = PBXGroup;
			children = (
				DB8BDA152201ED2100CE2144 /* MeyerPitchPerfect */,
				DB8BDA142201ED2100CE2144 /* Products */,
			);
			sourceTree = "<group>";
		};
		DB8BDA142201ED2100CE2144 /* Products */ = {
			isa = PBXGroup;
			children = (
				DB8BDA132201ED2100CE2144 /* MeyerPitchPerfect.app */,
			);
			name = Products;
			sourceTree = "<group>";
		};
		DB8BDA152201ED2100CE2144 /* MeyerPitchPerfect */ = {
			isa = PBXGroup;
			children = (
				DBABEF622207B061002B7934 /* Alerts.swift */,
				DB8BDA162201ED2100CE2144 /* AppDelegate.swift */,
				DB8BDA1D2201ED2200CE2144 /* Assets.xcassets */,
				DBABEF5F220799C2002B7934 /* AVAudioSession+Swift.h */,
				DBABEF60220799C2002B7934 /* AVAudioSession+Swift.m */,
				DB8BDA222201ED2200CE2144 /* Info.plist */,
				DB8BDA1F2201ED2200CE2144 /* LaunchScreen.storyboard */,
				DB8BDA1A2201ED2100CE2144 /* Main.storyboard */,
				DBABEF5E220799C2002B7934 /* MeyerPitchPerfect-Bridging-Header.h */,
				DB78665D2202CFB500FBD312 /* PlaySoundsViewController.swift */,
				DB78665B2202C9D000FBD312 /* RecordSoundsViewController.swift */,
			);
			path = MeyerPitchPerfect;
			sourceTree = "<group>";
		};
/* End PBXGroup section */

/* Begin PBXNativeTarget section */
		DB8BDA122201ED2100CE2144 /* MeyerPitchPerfect */ = {
			isa = PBXNativeTarget;
			buildConfigurationList = DB8BDA302201ED2200CE2144 /* Build configuration list for PBXNativeTarget "MeyerPitchPerfect" */;
			buildPhases = (
				DB8BDA0F2201ED2100CE2144 /* Sources */,
				DB8BDA102201ED2100CE2144 /* Frameworks */,
				DB8BDA112201ED2100CE2144 /* Resources */,
			);
			buildRules = (
			);
			dependencies = (
			);
			name = MeyerPitchPerfect;
			productName = MeyerPitchPerfect;
			productReference = DB8BDA132201ED2100CE2144 /* MeyerPitchPerfect.app */;
			productType = "com.apple.product-type.application";
		};
/* End PBXNativeTarget section */

/* Begin PBXProject section */
		DB8BDA0B2201ED2100CE2144 /* Project object */ = {
			isa = PBXProject;
			attributes = {
				LastSwiftUpdateCheck = 1010;
				LastUpgradeCheck = 1010;
				ORGANIZATIONNAME = Meyer;
				TargetAttributes = {
					DB8BDA122201ED2100CE2144 = {
						CreatedOnToolsVersion = 10.1;
						LastSwiftMigration = 1010;
					};
				};
			};
			buildConfigurationList = DB8BDA0E2201ED2100CE2144 /* Build configuration list for PBXProject "MeyerPitchPerfect" */;
			compatibilityVersion = "Xcode 9.3";
			developmentRegion = en;
			hasScannedForEncodings = 0;
			knownRegions = (
				en,
				Base,
			);
			mainGroup = DB8BDA0A2201ED2100CE2144;
			productRefGroup = DB8BDA142201ED2100CE2144 /* Products */;
			projectDirPath = "";
			projectRoot = "";
			targets = (
				DB8BDA122201ED2100CE2144 /* MeyerPitchPerfect */,
			);
		};
/* End PBXProject section */

/* Begin PBXResourcesBuildPhase section */
		DB8BDA112201ED2100CE2144 /* Resources */ = {
			isa = PBXResourcesBuildPhase;
			buildActionMask = 2147483647;
			files = (
				DB8BDA212201ED2200CE2144 /* LaunchScreen.storyboard in Resources */,
				DB8BDA1E2201ED2200CE2144 /* Assets.xcassets in Resources */,
				DB8BDA1C2201ED2100CE2144 /* Main.storyboard in Resources */,
			);
			runOnlyForDeploymentPostprocessing = 0;
		};
/* End PBXResourcesBuildPhase section */

/* Begin PBXSourcesBuildPhase section */
		DB8BDA0F2201ED2100CE2144 /* Sources */ = {
			isa = PBXSourcesBuildPhase;
			buildActionMask = 2147483647;
			files = (
				DB78665C2202C9D000FBD312 /* RecordSoundsViewController.swift in Sources */,
				DB78665E2202CFB500FBD312 /* PlaySoundsViewController.swift in Sources */,
				DBABEF632207B061002B7934 /* Alerts.swift in Sources */,
				DBABEF61220799C2002B7934 /* AVAudioSession+Swift.m in Sources */,
				DB8BDA172201ED2100CE2144 /* AppDelegate.swift in Sources */,
			);
			runOnlyForDeploymentPostprocessing = 0;
		};
/* End PBXSourcesBuildPhase section */

/* Begin PBXVariantGroup section */
		DB8BDA1A2201ED2100CE2144 /* Main.storyboard */ = {
			isa = PBXVariantGroup;
			children = (
				DB8BDA1B2201ED2100CE2144 /* Base */,
			);
			name = Main.storyboard;
			sourceTree = "<group>";
		};
		DB8BDA1F2201ED2200CE2144 /* LaunchScreen.storyboard */ = {
			isa = PBXVariantGroup;
			children = (
				DB8BDA202201ED2200CE2144 /* Base */,
			);
			name = LaunchScreen.storyboard;
			sourceTree = "<group>";
		};
/* End PBXVariantGroup section */

/* Begin XCBuildConfiguration section */
		DB8BDA2E2201ED2200CE2144 /* Debug */ = {
			isa = XCBuildConfiguration;
			buildSettings = {
				ALWAYS_SEARCH_USER_PATHS = NO;
				CLANG_ANALYZER_NONNULL = YES;
				CLANG_ANALYZER_NUMBER_OBJECT_CONVERSION = YES_AGGRESSIVE;
				CLANG_CXX_LANGUAGE_STANDARD = "gnu++14";
				CLANG_CXX_LIBRARY = "libc++";
				CLANG_ENABLE_MODULES = YES;
				CLANG_ENABLE_OBJC_ARC = YES;
				CLANG_ENABLE_OBJC_WEAK = YES;
				CLANG_WARN_BLOCK_CAPTURE_AUTORELEASING = YES;
				CLANG_WARN_BOOL_CONVERSION = YES;
				CLANG_WARN_COMMA = YES;
				CLANG_WARN_CONSTANT_CONVERSION = YES;
				CLANG_WARN_DEPRECATED_OBJC_IMPLEMENTATIONS = YES;
				CLANG_WARN_DIRECT_OBJC_ISA_USAGE = YES_ERROR;
				CLANG_WARN_DOCUMENTATION_COMMENTS = YES;
				CLANG_WARN_EMPTY_BODY = YES;
				CLANG_WARN_ENUM_CONVERSION = YES;
				CLANG_WARN_INFINITE_RECURSION = YES;
				CLANG_WARN_INT_CONVERSION = YES;
				CLANG_WARN_NON_LITERAL_NULL_CONVERSION = YES;
				CLANG_WARN_OBJC_IMPLICIT_RETAIN_SELF = YES;
				CLANG_WARN_OBJC_LITERAL_CONVERSION = YES;
				CLANG_WARN_OBJC_ROOT_CLASS = YES_ERROR;
				CLANG_WARN_RANGE_LOOP_ANALYSIS = YES;
				CLANG_WARN_STRICT_PROTOTYPES = YES;
				CLANG_WARN_SUSPICIOUS_MOVE = YES;
				CLANG_WARN_UNGUARDED_AVAILABILITY = YES_AGGRESSIVE;
				CLANG_WARN_UNREACHABLE_CODE = YES;
				CLANG_WARN__DUPLICATE_METHOD_MATCH = YES;
				CODE_SIGN_IDENTITY = "iPhone Developer";
				COPY_PHASE_STRIP = NO;
				DEBUG_INFORMATION_FORMAT = dwarf;
				ENABLE_STRICT_OBJC_MSGSEND = YES;
				ENABLE_TESTABILITY = YES;
				GCC_C_LANGUAGE_STANDARD = gnu11;
				GCC_DYNAMIC_NO_PIC = NO;
				GCC_NO_COMMON_BLOCKS = YES;
				GCC_OPTIMIZATION_LEVEL = 0;
				GCC_PREPROCESSOR_DEFINITIONS = (
					"DEBUG=1",
					"$(inherited)",
				);
				GCC_WARN_64_TO_32_BIT_CONVERSION = YES;
				GCC_WARN_ABOUT_RETURN_TYPE = YES_ERROR;
				GCC_WARN_UNDECLARED_SELECTOR = YES;
				GCC_WARN_UNINITIALIZED_AUTOS = YES_AGGRESSIVE;
				GCC_WARN_UNUSED_FUNCTION = YES;
				GCC_WARN_UNUSED_VARIABLE = YES;
				IPHONEOS_DEPLOYMENT_TARGET = 12.1;
				MTL_ENABLE_DEBUG_INFO = INCLUDE_SOURCE;
				MTL_FAST_MATH = YES;
				ONLY_ACTIVE_ARCH = YES;
				SDKROOT = iphoneos;
				SWIFT_ACTIVE_COMPILATION_CONDITIONS = DEBUG;
				SWIFT_OPTIMIZATION_LEVEL = "-Onone";
			};
			name = Debug;
		};
		DB8BDA2F2201ED2200CE2144 /* Release */ = {
			isa = XCBuildConfiguration;
			buildSettings = {
				ALWAYS_SEARCH_USER_PATHS = NO;
				CLANG_ANALYZER_NONNULL = YES;
				CLANG_ANALYZER_NUMBER_OBJECT_CONVERSION = YES_AGGRESSIVE;
				CLANG_CXX_LANGUAGE_STANDARD = "gnu++14";
				CLANG_CXX_LIBRARY = "libc++";
				CLANG_ENABLE_MODULES = YES;
				CLANG_ENABLE_OBJC_ARC = YES;
				CLANG_ENABLE_OBJC_WEAK = YES;
				CLANG_WARN_BLOCK_CAPTURE_AUTORELEASING = YES;
				CLANG_WARN_BOOL_CONVERSION = YES;
				CLANG_WARN_COMMA = YES;
				CLANG_WARN_CONSTANT_CONVERSION = YES;
				CLANG_WARN_DEPRECATED_OBJC_IMPLEMENTATIONS = YES;
				CLANG_WARN_DIRECT_OBJC_ISA_USAGE = YES_ERROR;
				CLANG_WARN_DOCUMENTATION_COMMENTS = YES;
				CLANG_WARN_EMPTY_BODY = YES;
				CLANG_WARN_ENUM_CONVERSION = YES;
				CLANG_WARN_INFINITE_RECURSION = YES;
				CLANG_WARN_INT_CONVERSION = YES;
				CLANG_WARN_NON_LITERAL_NULL_CONVERSION = YES;
				CLANG_WARN_OBJC_IMPLICIT_RETAIN_SELF = YES;
				CLANG_WARN_OBJC_LITERAL_CONVERSION = YES;
				CLANG_WARN_OBJC_ROOT_CLASS = YES_ERROR;
				CLANG_WARN_RANGE_LOOP_ANALYSIS = YES;
				CLANG_WARN_STRICT_PROTOTYPES = YES;
				CLANG_WARN_SUSPICIOUS_MOVE = YES;
				CLANG_WARN_UNGUARDED_AVAILABILITY = YES_AGGRESSIVE;
				CLANG_WARN_UNREACHABLE_CODE = YES;
				CLANG_WARN__DUPLICATE_METHOD_MATCH = YES;
				CODE_SIGN_IDENTITY = "iPhone Developer";
				COPY_PHASE_STRIP = NO;
				DEBUG_INFORMATION_FORMAT = "dwarf-with-dsym";
				ENABLE_NS_ASSERTIONS = NO;
				ENABLE_STRICT_OBJC_MSGSEND = YES;
				GCC_C_LANGUAGE_STANDARD = gnu11;
				GCC_NO_COMMON_BLOCKS = YES;
				GCC_WARN_64_TO_32_BIT_CONVERSION = YES;
				GCC_WARN_ABOUT_RETURN_TYPE = YES_ERROR;
				GCC_WARN_UNDECLARED_SELECTOR = YES;
				GCC_WARN_UNINITIALIZED_AUTOS = YES_AGGRESSIVE;
				GCC_WARN_UNUSED_FUNCTION = YES;
				GCC_WARN_UNUSED_VARIABLE = YES;
				IPHONEOS_DEPLOYMENT_TARGET = 12.1;
				MTL_ENABLE_DEBUG_INFO = NO;
				MTL_FAST_MATH = YES;
				SDKROOT = iphoneos;
				SWIFT_COMPILATION_MODE = wholemodule;
				SWIFT_OPTIMIZATION_LEVEL = "-O";
				VALIDATE_PRODUCT = YES;
			};
			name = Release;
		};
		DB8BDA312201ED2200CE2144 /* Debug */ = {
			isa = XCBuildConfiguration;
			buildSettings = {
				ASSETCATALOG_COMPILER_APPICON_NAME = AppIcon;
				CLANG_ENABLE_MODULES = YES;
				CODE_SIGN_STYLE = Automatic;
				DEVELOPMENT_TEAM = UYUBXH9974;
				INFOPLIST_FILE = MeyerPitchPerfect/Info.plist;
				IPHONEOS_DEPLOYMENT_TARGET = 9.3;
				LD_RUNPATH_SEARCH_PATHS = (
					"$(inherited)",
					"@executable_path/Frameworks",
				);
				PRODUCT_BUNDLE_IDENTIFIER = com.meyer.MeyerPitchPerfect;
				PRODUCT_NAME = "$(TARGET_NAME)";
				SWIFT_OBJC_BRIDGING_HEADER = "MeyerPitchPerfect/MeyerPitchPerfect-Bridging-Header.h";
				SWIFT_OPTIMIZATION_LEVEL = "-Onone";
				SWIFT_VERSION = 4.2;
				TARGETED_DEVICE_FAMILY = "1,2";
			};
			name = Debug;
		};
		DB8BDA322201ED2200CE2144 /* Release */ = {
			isa = XCBuildConfiguration;
			buildSettings = {
				ASSETCATALOG_COMPILER_APPICON_NAME = AppIcon;
				CLANG_ENABLE_MODULES = YES;
				CODE_SIGN_STYLE = Automatic;
				DEVELOPMENT_TEAM = UYUBXH9974;
				INFOPLIST_FILE = MeyerPitchPerfect/Info.plist;
				IPHONEOS_DEPLOYMENT_TARGET = 9.3;
				LD_RUNPATH_SEARCH_PATHS = (
					"$(inherited)",
					"@executable_path/Frameworks",
				);
				PRODUCT_BUNDLE_IDENTIFIER = com.meyer.MeyerPitchPerfect;
				PRODUCT_NAME = "$(TARGET_NAME)";
				SWIFT_OBJC_BRIDGING_HEADER = "MeyerPitchPerfect/MeyerPitchPerfect-Bridging-Header.h";
				SWIFT_VERSION = 4.2;
				TARGETED_DEVICE_FAMILY = "1,2";
			};
			name = Release;
		};
/* End XCBuildConfiguration section */

/* Begin XCConfigurationList section */
		DB8BDA0E2201ED2100CE2144 /* Build configuration list for PBXProject "MeyerPitchPerfect" */ = {
			isa = XCConfigurationList;
			buildConfigurations = (
				DB8BDA2E2201ED2200CE2144 /* Debug */,
				DB8BDA2F2201ED2200CE2144 /* Release */,
			);
			defaultConfigurationIsVisible = 0;
			defaultConfigurationName = Release;
		};
		DB8BDA302201ED2200CE2144 /* Build configuration list for PBXNativeTarget "MeyerPitchPerfect" */ = {
			isa = XCConfigurationList;
			buildConfigurations = (
				DB8BDA312201ED2200CE2144 /* Debug */,
				DB8BDA322201ED2200CE2144 /* Release */,
			);
			defaultConfigurationIsVisible = 0;
			defaultConfigurationName = Release;
		};
/* End XCConfigurationList section */
	};
	rootObject = DB8BDA0B2201ED2100CE2144 /* Project object */;
}
